
Microsoft Visual Studio Solution File, Format Version 12.00
# Visual Studio Version 16
VisualStudioVersion = 16.0.31410.357
MinimumVisualStudioVersion = 10.0.40219.1
Project("{F184B08F-C81C-45F6-A57F-5ABD9991F28F}") = "WindowsApp1", "WindowsApp1\WindowsApp1.vbproj", "{FD1BFF27-BE79-4609-AC86-8DB0196A6A39}"
EndProject
Global
	GlobalSection(SolutionConfigurationPlatforms) = preSolution
		Debug|Any CPU = Debug|Any CPU
		Release|Any CPU = Release|Any CPU
	EndGlobalSection
	GlobalSection(ProjectConfigurationPlatforms) = postSolution
		{FD1BFF27-BE79-4609-AC86-8DB0196A6A39}.Debug|Any CPU.ActiveCfg = Debug|Any CPU
		{FD1BFF27-BE79-4609-AC86-8DB0196A6A39}.Debug|Any CPU.Build.0 = Debug|Any CPU
		{FD1BFF27-BE79-4609-AC86-8DB0196A6A39}.Release|Any CPU.ActiveCfg = Release|Any CPU
		{FD1BFF27-BE79-4609-AC86-8DB0196A6A39}.Release|Any CPU.Build.0 = Release|Any CPU
	EndGlobalSection
	GlobalSection(SolutionProperties) = preSolution
		HideSolutionNode = FALSE
	EndGlobalSection
	GlobalSection(ExtensibilityGlobals) = postSolution
		SolutionGuid = {6DBAD4AD-32E0-4640-B718-4A447E1A8FC9}
	EndGlobalSection
EndGlobal
